
Microsoft Visual Studio Solution File, Format Version 12.00
# Visual Studio Version 17
VisualStudioVersion = 17.9.34728.123
MinimumVisualStudioVersion = 10.0.40219.1
Project("{9A19103F-16F7-4668-BE54-9A1E7A4F7556}") = "SeriLogExample", "SeriLogExample\SeriLogExample.csproj", "{7BDB979E-D410-4276-80F2-EA5F04FB9A25}"
EndProject
Project("{9A19103F-16F7-4668-BE54-9A1E7A4F7556}") = "MemoryCacheExample", "MemoryCacheExample\MemoryCacheExample.csproj", "{904C19B9-7859-4D61-8AA7-9162789AD1F7}"
EndProject
Project("{9A19103F-16F7-4668-BE54-9A1E7A4F7556}") = "MiddleWareExample", "MiddleWareExample\MiddleWareExample.csproj", "{1AAA47A6-A945-4F4B-87E9-5D1290A4F6CF}"
EndProject
Project("{FAE04EC0-301F-11D3-BF4B-00C04F79EFBC}") = "CQRSExample", "CQRSExample\CQRSExample.csproj", "{BCD06D30-144B-465A-8820-2070493483FC}"
EndProject
Global
	GlobalSection(SolutionConfigurationPlatforms) = preSolution
		Debug|Any CPU = Debug|Any CPU
		Release|Any CPU = Release|Any CPU
	EndGlobalSection
	GlobalSection(ProjectConfigurationPlatforms) = postSolution
		{7BDB979E-D410-4276-80F2-EA5F04FB9A25}.Debug|Any CPU.ActiveCfg = Debug|Any CPU
		{7BDB979E-D410-4276-80F2-EA5F04FB9A25}.Debug|Any CPU.Build.0 = Debug|Any CPU
		{7BDB979E-D410-4276-80F2-EA5F04FB9A25}.Release|Any CPU.ActiveCfg = Release|Any CPU
		{7BDB979E-D410-4276-80F2-EA5F04FB9A25}.Release|Any CPU.Build.0 = Release|Any CPU
		{904C19B9-7859-4D61-8AA7-9162789AD1F7}.Debug|Any CPU.ActiveCfg = Debug|Any CPU
		{904C19B9-7859-4D61-8AA7-9162789AD1F7}.Debug|Any CPU.Build.0 = Debug|Any CPU
		{904C19B9-7859-4D61-8AA7-9162789AD1F7}.Release|Any CPU.ActiveCfg = Release|Any CPU
		{904C19B9-7859-4D61-8AA7-9162789AD1F7}.Release|Any CPU.Build.0 = Release|Any CPU
		{1AAA47A6-A945-4F4B-87E9-5D1290A4F6CF}.Debug|Any CPU.ActiveCfg = Debug|Any CPU
		{1AAA47A6-A945-4F4B-87E9-5D1290A4F6CF}.Debug|Any CPU.Build.0 = Debug|Any CPU
		{1AAA47A6-A945-4F4B-87E9-5D1290A4F6CF}.Release|Any CPU.ActiveCfg = Release|Any CPU
		{1AAA47A6-A945-4F4B-87E9-5D1290A4F6CF}.Release|Any CPU.Build.0 = Release|Any CPU
		{BCD06D30-144B-465A-8820-2070493483FC}.Debug|Any CPU.ActiveCfg = Debug|Any CPU
		{BCD06D30-144B-465A-8820-2070493483FC}.Debug|Any CPU.Build.0 = Debug|Any CPU
		{BCD06D30-144B-465A-8820-2070493483FC}.Release|Any CPU.ActiveCfg = Release|Any CPU
		{BCD06D30-144B-465A-8820-2070493483FC}.Release|Any CPU.Build.0 = Release|Any CPU
	EndGlobalSection
	GlobalSection(SolutionProperties) = preSolution
		HideSolutionNode = FALSE
	EndGlobalSection
	GlobalSection(ExtensibilityGlobals) = postSolution
		SolutionGuid = {64869230-CFC3-44A8-857B-3EF277C1BD6E}
	EndGlobalSection
EndGlobal
